
Microsoft Visual Studio Solution File, Format Version 12.00
# Visual Studio 15
VisualStudioVersion = 15.0.27004.2006
MinimumVisualStudioVersion = 10.0.40219.1
Project("{FAE04EC0-301F-11D3-BF4B-00C04F79EFBC}") = "muix", "muix\muix.csproj", "{7FBE4680-8F69-417A-9163-98D24A58B8EF}"
EndProject
Project("{FAE04EC0-301F-11D3-BF4B-00C04F79EFBC}") = "build-icons", "build-icons\build-icons.csproj", "{21F14E62-69A7-470C-A490-FF15A67824EA}"
EndProject
Project("{FAE04EC0-301F-11D3-BF4B-00C04F79EFBC}") = "test", "test\test.csproj", "{6B47010E-3A7D-48A9-B556-7775FCC75E78}"
EndProject
Project("{FAE04EC0-301F-11D3-BF4B-00C04F79EFBC}") = "types-expo", "types-expo\types-expo.csproj", "{EADDF7D4-C2BF-4966-B0AD-B2BC95602598}"
EndProject
Project("{FAE04EC0-301F-11D3-BF4B-00C04F79EFBC}") = "types-react", "types-react\types-react.csproj", "{2DB75A4A-FE51-4B4D-8A0B-2751C96D3DF0}"
EndProject
Project("{FAE04EC0-301F-11D3-BF4B-00C04F79EFBC}") = "types-react-native", "types-react-native\types-react-native.csproj", "{3860A03E-2A8B-414E-BADD-DC935AC216FE}"
EndProject
Project("{2150E333-8FDC-42A3-9474-1A3956D46DE8}") = "libs", "libs", "{69DC2C05-29A6-46A9-AF1E-CECEE459CB07}"
	ProjectSection(SolutionItems) = preProject
		$publish-libs.cmd = $publish-libs.cmd
	EndProjectSection
EndProject
Global
	GlobalSection(SolutionConfigurationPlatforms) = preSolution
		Debug|Any CPU = Debug|Any CPU
		Release|Any CPU = Release|Any CPU
	EndGlobalSection
	GlobalSection(ProjectConfigurationPlatforms) = postSolution
		{7FBE4680-8F69-417A-9163-98D24A58B8EF}.Debug|Any CPU.ActiveCfg = Debug|Any CPU
		{7FBE4680-8F69-417A-9163-98D24A58B8EF}.Debug|Any CPU.Build.0 = Debug|Any CPU
		{7FBE4680-8F69-417A-9163-98D24A58B8EF}.Release|Any CPU.ActiveCfg = Release|Any CPU
		{7FBE4680-8F69-417A-9163-98D24A58B8EF}.Release|Any CPU.Build.0 = Release|Any CPU
		{21F14E62-69A7-470C-A490-FF15A67824EA}.Debug|Any CPU.ActiveCfg = Debug|Any CPU
		{21F14E62-69A7-470C-A490-FF15A67824EA}.Debug|Any CPU.Build.0 = Debug|Any CPU
		{21F14E62-69A7-470C-A490-FF15A67824EA}.Release|Any CPU.ActiveCfg = Release|Any CPU
		{21F14E62-69A7-470C-A490-FF15A67824EA}.Release|Any CPU.Build.0 = Release|Any CPU
		{6B47010E-3A7D-48A9-B556-7775FCC75E78}.Debug|Any CPU.ActiveCfg = Debug|Any CPU
		{6B47010E-3A7D-48A9-B556-7775FCC75E78}.Debug|Any CPU.Build.0 = Debug|Any CPU
		{6B47010E-3A7D-48A9-B556-7775FCC75E78}.Release|Any CPU.ActiveCfg = Release|Any CPU
		{6B47010E-3A7D-48A9-B556-7775FCC75E78}.Release|Any CPU.Build.0 = Release|Any CPU
		{EADDF7D4-C2BF-4966-B0AD-B2BC95602598}.Debug|Any CPU.ActiveCfg = Debug|Any CPU
		{EADDF7D4-C2BF-4966-B0AD-B2BC95602598}.Release|Any CPU.ActiveCfg = Release|Any CPU
		{EADDF7D4-C2BF-4966-B0AD-B2BC95602598}.Release|Any CPU.Build.0 = Release|Any CPU
		{2DB75A4A-FE51-4B4D-8A0B-2751C96D3DF0}.Debug|Any CPU.ActiveCfg = Debug|Any CPU
		{2DB75A4A-FE51-4B4D-8A0B-2751C96D3DF0}.Release|Any CPU.ActiveCfg = Release|Any CPU
		{2DB75A4A-FE51-4B4D-8A0B-2751C96D3DF0}.Release|Any CPU.Build.0 = Release|Any CPU
		{3860A03E-2A8B-414E-BADD-DC935AC216FE}.Debug|Any CPU.ActiveCfg = Debug|Any CPU
		{3860A03E-2A8B-414E-BADD-DC935AC216FE}.Release|Any CPU.ActiveCfg = Release|Any CPU
		{3860A03E-2A8B-414E-BADD-DC935AC216FE}.Release|Any CPU.Build.0 = Release|Any CPU
	EndGlobalSection
	GlobalSection(SolutionProperties) = preSolution
		HideSolutionNode = FALSE
	EndGlobalSection
	GlobalSection(NestedProjects) = preSolution
		{21F14E62-69A7-470C-A490-FF15A67824EA} = {69DC2C05-29A6-46A9-AF1E-CECEE459CB07}
		{EADDF7D4-C2BF-4966-B0AD-B2BC95602598} = {69DC2C05-29A6-46A9-AF1E-CECEE459CB07}
		{2DB75A4A-FE51-4B4D-8A0B-2751C96D3DF0} = {69DC2C05-29A6-46A9-AF1E-CECEE459CB07}
		{3860A03E-2A8B-414E-BADD-DC935AC216FE} = {69DC2C05-29A6-46A9-AF1E-CECEE459CB07}
	EndGlobalSection
	GlobalSection(ExtensibilityGlobals) = postSolution
		SolutionGuid = {DBB3A9DC-0A4B-40A7-B600-3305ADDDFE1A}
	EndGlobalSection
EndGlobal
